
Microsoft Visual Studio Solution File, Format Version 12.00
# Visual Studio 14
VisualStudioVersion = 14.0.23107.0
MinimumVisualStudioVersion = 10.0.40219.1
Project("{FAE04EC0-301F-11D3-BF4B-00C04F79EFBC}") = "testproj", "testproj.csproj", "{61123F12-44D9-4A06-BD38-E0BFF9C3FF19}"
EndProject
Global
	GlobalSection(SolutionConfigurationPlatforms) = preSolution
		Debug|Any CPU = Debug|Any CPU
		Release|Any CPU = Release|Any CPU
	EndGlobalSection
	GlobalSection(ProjectConfigurationPlatforms) = postSolution
		{61123F12-44D9-4A06-BD38-E0BFF9C3FF19}.Debug|Any CPU.ActiveCfg = Debug|Any CPU
		{61123F12-44D9-4A06-BD38-E0BFF9C3FF19}.Debug|Any CPU.Build.0 = Debug|Any CPU
		{61123F12-44D9-4A06-BD38-E0BFF9C3FF19}.Release|Any CPU.ActiveCfg = Release|Any CPU
		{61123F12-44D9-4A06-BD38-E0BFF9C3FF19}.Release|Any CPU.Build.0 = Release|Any CPU
	EndGlobalSection
	GlobalSection(SolutionProperties) = preSolution
		HideSolutionNode = FALSE
	EndGlobalSection
EndGlobal
